
Microsoft Visual Studio Solution File, Format Version 12.00
# Visual Studio Version 17
VisualStudioVersion = 17.0.32014.148
MinimumVisualStudioVersion = 10.0.40219.1
Project("{9A19103F-16F7-4668-BE54-9A1E7A4F7556}") = "WebApp", "WebApp.csproj", "{BE823F62-1561-4615-AE50-044A0A1440A4}"
EndProject
Project("{9A19103F-16F7-4668-BE54-9A1E7A4F7556}") = "API.gRPCService", "..\API\API.gRPCService\API.gRPCService.csproj", "{8F94342E-22FA-4675-BAA9-1526EDAE5439}"
EndProject
Project("{9A19103F-16F7-4668-BE54-9A1E7A4F7556}") = "API.Resources", "..\API\API.Resources\API.Resources.csproj", "{90B86A81-4827-497D-9B14-DC99521EC2E8}"
EndProject
Global
	GlobalSection(SolutionConfigurationPlatforms) = preSolution
		Debug|Any CPU = Debug|Any CPU
		Release|Any CPU = Release|Any CPU
	EndGlobalSection
	GlobalSection(ProjectConfigurationPlatforms) = postSolution
		{BE823F62-1561-4615-AE50-044A0A1440A4}.Debug|Any CPU.ActiveCfg = Debug|Any CPU
		{BE823F62-1561-4615-AE50-044A0A1440A4}.Debug|Any CPU.Build.0 = Debug|Any CPU
		{BE823F62-1561-4615-AE50-044A0A1440A4}.Release|Any CPU.ActiveCfg = Release|Any CPU
		{BE823F62-1561-4615-AE50-044A0A1440A4}.Release|Any CPU.Build.0 = Release|Any CPU
		{8F94342E-22FA-4675-BAA9-1526EDAE5439}.Debug|Any CPU.ActiveCfg = Debug|Any CPU
		{8F94342E-22FA-4675-BAA9-1526EDAE5439}.Debug|Any CPU.Build.0 = Debug|Any CPU
		{8F94342E-22FA-4675-BAA9-1526EDAE5439}.Release|Any CPU.ActiveCfg = Release|Any CPU
		{8F94342E-22FA-4675-BAA9-1526EDAE5439}.Release|Any CPU.Build.0 = Release|Any CPU
		{90B86A81-4827-497D-9B14-DC99521EC2E8}.Debug|Any CPU.ActiveCfg = Debug|Any CPU
		{90B86A81-4827-497D-9B14-DC99521EC2E8}.Debug|Any CPU.Build.0 = Debug|Any CPU
		{90B86A81-4827-497D-9B14-DC99521EC2E8}.Release|Any CPU.ActiveCfg = Release|Any CPU
		{90B86A81-4827-497D-9B14-DC99521EC2E8}.Release|Any CPU.Build.0 = Release|Any CPU
	EndGlobalSection
	GlobalSection(SolutionProperties) = preSolution
		HideSolutionNode = FALSE
	EndGlobalSection
	GlobalSection(ExtensibilityGlobals) = postSolution
		SolutionGuid = {9335884A-A0DA-4A11-9D5A-789F4397AFA7}
	EndGlobalSection
EndGlobal
